
Microsoft Visual Studio Solution File, Format Version 12.00
# Visual Studio 2012
Project("{FAE04EC0-301F-11D3-BF4B-00C04F79EFBC}") = "ödev virtual", "ödev virtual\ödev virtual.csproj", "{FBB3BCBE-D584-4AA8-A926-EC5010148BAD}"
EndProject
Global
	GlobalSection(SolutionConfigurationPlatforms) = preSolution
		Debug|Any CPU = Debug|Any CPU
		Release|Any CPU = Release|Any CPU
	EndGlobalSection
	GlobalSection(ProjectConfigurationPlatforms) = postSolution
		{FBB3BCBE-D584-4AA8-A926-EC5010148BAD}.Debug|Any CPU.ActiveCfg = Debug|Any CPU
		{FBB3BCBE-D584-4AA8-A926-EC5010148BAD}.Debug|Any CPU.Build.0 = Debug|Any CPU
		{FBB3BCBE-D584-4AA8-A926-EC5010148BAD}.Release|Any CPU.ActiveCfg = Release|Any CPU
		{FBB3BCBE-D584-4AA8-A926-EC5010148BAD}.Release|Any CPU.Build.0 = Release|Any CPU
	EndGlobalSection
	GlobalSection(SolutionProperties) = preSolution
		HideSolutionNode = FALSE
	EndGlobalSection
EndGlobal
